PODS:
  - Alamofire (4.8.2)
  - AnalogClock (1.0.0)
  - Charts (3.5.0):
    - Charts/Core (= 3.5.0)
  - Charts/Core (3.5.0)
  - Clocket (1.0.2)
  - Cosmos (19.0.3)
  - DLRadioButton (1.4.12)
  - DropDown (2.3.13)
  - Firebase (6.25.0):
    - Firebase/Core (= 6.25.0)
  - Firebase/Analytics (6.25.0):
    - Firebase/Core
  - Firebase/Core (6.25.0):
    - Firebase/CoreOnly
    - FirebaseAnalytics (= 6.5.1)
  - Firebase/CoreOnly (6.25.0):
    - FirebaseCore (= 6.7.1)
  - Firebase/Messaging (6.25.0):
    - Firebase/CoreOnly
    - FirebaseMessaging (~> 4.4.1)
  - FirebaseAnalytics (6.5.1):
    - FirebaseCore (~> 6.7)
    - FirebaseInstallations (~> 1.2)
    - GoogleAppMeasurement (= 6.5.1)
    - GoogleUtilities/AppDelegateSwizzler (~> 6.0)
    - GoogleUtilities/MethodSwizzler (~> 6.0)
    - GoogleUtilities/Network (~> 6.0)
    - "GoogleUtilities/NSData+zlib (~> 6.0)"
    - nanopb (~> 1.30905.0)
  - FirebaseAnalyticsInterop (1.5.0)
  - FirebaseCore (6.7.1):
    - FirebaseCoreDiagnostics (~> 1.3)
    - FirebaseCoreDiagnosticsInterop (~> 1.2)
    - GoogleUtilities/Environment (~> 6.5)
    - GoogleUtilities/Logger (~> 6.5)
  - FirebaseCoreDiagnostics (1.3.0):
    - FirebaseCoreDiagnosticsInterop (~> 1.2)
    - GoogleDataTransportCCTSupport (~> 3.1)
    - GoogleUtilities/Environment (~> 6.5)
    - GoogleUtilities/Logger (~> 6.5)
    - nanopb (~> 1.30905.0)
  - FirebaseCoreDiagnosticsInterop (1.2.0)
  - FirebaseInstallations (1.2.0):
    - FirebaseCore (~> 6.6)
    - GoogleUtilities/Environment (~> 6.6)
    - GoogleUtilities/UserDefaults (~> 6.6)
    - PromisesObjC (~> 1.2)
  - FirebaseInstanceID (4.3.4):
    - FirebaseCore (~> 6.6)
    - FirebaseInstallations (~> 1.0)
    - GoogleUtilities/Environment (~> 6.5)
    - GoogleUtilities/UserDefaults (~> 6.5)
  - FirebaseMessaging (4.4.1):
    - FirebaseAnalyticsInterop (~> 1.5)
    - FirebaseCore (~> 6.6)
    - FirebaseInstanceID (~> 4.3)
    - GoogleUtilities/AppDelegateSwizzler (~> 6.5)
    - GoogleUtilities/Environment (~> 6.5)
    - GoogleUtilities/Reachability (~> 6.5)
    - GoogleUtilities/UserDefaults (~> 6.5)
    - Protobuf (>= 3.9.2, ~> 3.9)
  - FlagPhoneNumber (0.8.0):
    - FlagPhoneNumber/libPhoneNumberiOS (= 0.8.0)
  - FlagPhoneNumber/libPhoneNumberiOS (0.8.0)
  - FSCalendar (2.8.1)
  - Gallery (2.2.2)
  - GoogleAppMeasurement (6.5.1):
    - GoogleUtilities/AppDelegateSwizzler (~> 6.0)
    - GoogleUtilities/MethodSwizzler (~> 6.0)
    - GoogleUtilities/Network (~> 6.0)
    - "GoogleUtilities/NSData+zlib (~> 6.0)"
    - nanopb (~> 1.30905.0)
  - GoogleDataTransport (6.1.1)
  - GoogleDataTransportCCTSupport (3.1.0):
    - GoogleDataTransport (~> 6.1)
    - nanopb (~> 1.30905.0)
  - GoogleUtilities/AppDelegateSwizzler (6.6.0):
    - GoogleUtilities/Environment
    - GoogleUtilities/Logger
    - GoogleUtilities/Network
  - GoogleUtilities/Environment (6.6.0):
    - PromisesObjC (~> 1.2)
  - GoogleUtilities/Logger (6.6.0):
    - GoogleUtilities/Environment
  - GoogleUtilities/MethodSwizzler (6.6.0):
    - GoogleUtilities/Logger
  - GoogleUtilities/Network (6.6.0):
    - GoogleUtilities/Logger
    - "GoogleUtilities/NSData+zlib"
    - GoogleUtilities/Reachability
  - "GoogleUtilities/NSData+zlib (6.6.0)"
  - GoogleUtilities/Reachability (6.6.0):
    - GoogleUtilities/Logger
  - GoogleUtilities/UserDefaults (6.6.0):
    - GoogleUtilities/Logger
  - ImageSlideshow (1.8.3):
    - ImageSlideshow/Core (= 1.8.3)
  - ImageSlideshow/Core (1.8.3)
  - IQKeyboardManagerSwift (6.3.0)
  - Kingfisher (5.4.0)
  - MOLH (1.3)
  - nanopb (1.30905.0):
    - nanopb/decode (= 1.30905.0)
    - nanopb/encode (= 1.30905.0)
  - nanopb/decode (1.30905.0)
  - nanopb/encode (1.30905.0)
  - PromisesObjC (1.2.8)
  - Protobuf (3.12.0)
  - SideMenu (5.0.3)
  - StepView (1.0.5)
  - SVProgressHUD (2.2.5)
  - SwiftMessages (6.0.2):
    - SwiftMessages/App (= 6.0.2)
  - SwiftMessages/App (6.0.2)
  - SwiftyJSON (5.0.0)

DEPENDENCIES:
  - Alamofire (~> 4.8.2)
  - AnalogClock
  - Charts
  - Clocket
  - Cosmos (~> 19.0)
  - DLRadioButton (~> 1.4.12)
  - DropDown (~> 2.3.13)
  - Firebase
  - Firebase/Analytics
  - Firebase/Messaging
  - FlagPhoneNumber
  - FSCalendar
  - Gallery
  - ImageSlideshow
  - IQKeyboardManagerSwift (~> 6.3.0)
  - Kingfisher (~> 5.4.0)
  - MOLH
  - SideMenu (~> 5.0.3)
  - StepView
  - SVProgressHUD
  - SwiftMessages (~> 6.0.2)
  - SwiftyJSON (~> 5.0.0)

SPEC REPOS:
  trunk:
    - Alamofire
    - AnalogClock
    - Charts
    - Clocket
    - Cosmos
    - DLRadioButton
    - DropDown
    - Firebase
    - FirebaseAnalytics
    - FirebaseAnalyticsInterop
    - FirebaseCore
    - FirebaseCoreDiagnostics
    - FirebaseCoreDiagnosticsInterop
    - FirebaseInstallations
    - FirebaseInstanceID
    - FirebaseMessaging
    - FlagPhoneNumber
    - FSCalendar
    - Gallery
    - GoogleAppMeasurement
    - GoogleDataTransport
    - GoogleDataTransportCCTSupport
    - GoogleUtilities
    - ImageSlideshow
    - IQKeyboardManagerSwift
    - Kingfisher
    - MOLH
    - nanopb
    - PromisesObjC
    - Protobuf
    - SideMenu
    - StepView
    - SVProgressHUD
    - SwiftMessages
    - SwiftyJSON

SPEC CHECKSUMS:
  Alamofire: ae5c501addb7afdbb13687d7f2f722c78734c2d3
  AnalogClock: 00515e08f77f923c69442d45c73a77f13ed6c357
  Charts: 40a08591df1f8ad5c223ddedfb1a06da92f24f7c
  Clocket: 096ae0fb73338019f32e9234799d3f5da85bf89d
  Cosmos: a6fb17284281fa12cf4c85c2efecd440a215ec44
  DLRadioButton: d7c4e225ed0e8013cef7be61455230c7557ad7c1
  DropDown: 8a2116376c1981888557f72ec2ffc9a5e0e456ec
  Firebase: 5719b4f965f76643241a1bb8244483ff6117db39
  FirebaseAnalytics: 93565f3f0f0f50a5d8770850bfe6a82eaba5db27
  FirebaseAnalyticsInterop: 3f86269c38ae41f47afeb43ebf32a001f58fcdae
  FirebaseCore: 6023faeada5afa95a349fccafb40900e32e9ac42
  FirebaseCoreDiagnostics: 4a773a47bd83bbd5a9b1ccf1ce7caa8b2d535e67
  FirebaseCoreDiagnosticsInterop: 296e2c5f5314500a850ad0b83e9e7c10b011a850
  FirebaseInstallations: 2119fb3e46b0a88bfdbf12562f855ee3252462fa
  FirebaseInstanceID: cef67c4967c7cecb56ea65d8acbb4834825c587b
  FirebaseMessaging: 29543feb343b09546ab3aa04d008ee8595b43c44
  FlagPhoneNumber: 3712455b95f66cb0f2016fef7d9e34cddf8c7f9a
  FSCalendar: 5245140456fcbcac5824c203b98bd8068bdfee1a
  Gallery: 634ea7d58b93fcb8e787a846febac73ec354e7d9
  GoogleAppMeasurement: 137afe68bfa406c3f4221b9395253d9e5d4654cf
  GoogleDataTransport: ad884314b81cdb808fb1d23787b367ff8da4e28a
  GoogleDataTransportCCTSupport: d70a561f7d236af529fee598835caad5e25f6d3d
  GoogleUtilities: 39530bc0ad980530298e9c4af8549e991fd033b1
  ImageSlideshow: 4694d7d699a1549582e7cc631fb392d8f91630f3
  IQKeyboardManagerSwift: a8228c257614af98743b4cd8584637025f36358f
  Kingfisher: 9c8f2cc6710334e06f32ba2b45e77707d5e2f0c9
  MOLH: a31ef0b87351074d81253606a96b290f9eca161a
  nanopb: c43f40fadfe79e8b8db116583945847910cbabc9
  PromisesObjC: c119f3cd559f50b7ae681fa59dc1acd19173b7e6
  Protobuf: 2793fcd0622a00b546c60e7cbbcc493e043e9bb9
  SideMenu: 1dcaabce84538c53325c287f7fe62999379a641c
  StepView: e69413ca377b42c5777d446854bb036ff8e988fd
  SVProgressHUD: 1428aafac632c1f86f62aa4243ec12008d7a51d6
  SwiftMessages: 8b3cc68dba2f1c91aac1a74c90b10287aac35371
  SwiftyJSON: 36413e04c44ee145039d332b4f4e2d3e8d6c4db7

PODFILE CHECKSUM: 6b15d6a2858394a015ea4ecaf63926f0137b2b2b

COCOAPODS: 1.9.3
